
Microsoft Visual Studio Solution File, Format Version 12.00
# Visual Studio 15
VisualStudioVersion = 15.0.27130.2010
MinimumVisualStudioVersion = 10.0.40219.1
Project("{FAE04EC0-301F-11D3-BF4B-00C04F79EFBC}") = "Workshop.DurableFunctions", "Workshop.DurableFunctions\Workshop.DurableFunctions.csproj", "{964603F2-E493-44AC-9952-DEADAC25F248}"
EndProject
Global
	GlobalSection(SolutionConfigurationPlatforms) = preSolution
		Debug|Any CPU = Debug|Any CPU
		Release|Any CPU = Release|Any CPU
	EndGlobalSection
	GlobalSection(ProjectConfigurationPlatforms) = postSolution
		{964603F2-E493-44AC-9952-DEADAC25F248}.Debug|Any CPU.ActiveCfg = Debug|Any CPU
		{964603F2-E493-44AC-9952-DEADAC25F248}.Debug|Any CPU.Build.0 = Debug|Any CPU
		{964603F2-E493-44AC-9952-DEADAC25F248}.Release|Any CPU.ActiveCfg = Release|Any CPU
		{964603F2-E493-44AC-9952-DEADAC25F248}.Release|Any CPU.Build.0 = Release|Any CPU
	EndGlobalSection
	GlobalSection(SolutionProperties) = preSolution
		HideSolutionNode = FALSE
	EndGlobalSection
	GlobalSection(ExtensibilityGlobals) = postSolution
		SolutionGuid = {C975523A-F220-41D2-AD3F-B5F30100C5FC}
	EndGlobalSection
EndGlobal
