
Microsoft Visual Studio Solution File, Format Version 12.00
# Visual Studio 15
VisualStudioVersion = 15.0.27130.2010
MinimumVisualStudioVersion = 10.0.40219.1
Project("{FAE04EC0-301F-11D3-BF4B-00C04F79EFBC}") = "Workshop.WebJobs", "Workshop.WebJobs\Workshop.WebJobs.csproj", "{7AEF3746-3015-42C0-9901-AFA6D3D9DDE8}"
EndProject
Project("{9A19103F-16F7-4668-BE54-9A1E7A4F7556}") = "Workshop.Functions", "Workshop.Functions\Workshop.Functions.csproj", "{F351CDFF-B65A-48E2-9BA1-4C1BA3E95C28}"
EndProject
Global
	GlobalSection(SolutionConfigurationPlatforms) = preSolution
		Debug|Any CPU = Debug|Any CPU
		Release|Any CPU = Release|Any CPU
	EndGlobalSection
	GlobalSection(ProjectConfigurationPlatforms) = postSolution
		{7AEF3746-3015-42C0-9901-AFA6D3D9DDE8}.Debug|Any CPU.ActiveCfg = Debug|Any CPU
		{7AEF3746-3015-42C0-9901-AFA6D3D9DDE8}.Debug|Any CPU.Build.0 = Debug|Any CPU
		{7AEF3746-3015-42C0-9901-AFA6D3D9DDE8}.Release|Any CPU.ActiveCfg = Release|Any CPU
		{7AEF3746-3015-42C0-9901-AFA6D3D9DDE8}.Release|Any CPU.Build.0 = Release|Any CPU
		{F351CDFF-B65A-48E2-9BA1-4C1BA3E95C28}.Debug|Any CPU.ActiveCfg = Debug|Any CPU
		{F351CDFF-B65A-48E2-9BA1-4C1BA3E95C28}.Debug|Any CPU.Build.0 = Debug|Any CPU
		{F351CDFF-B65A-48E2-9BA1-4C1BA3E95C28}.Release|Any CPU.ActiveCfg = Release|Any CPU
		{F351CDFF-B65A-48E2-9BA1-4C1BA3E95C28}.Release|Any CPU.Build.0 = Release|Any CPU
	EndGlobalSection
	GlobalSection(SolutionProperties) = preSolution
		HideSolutionNode = FALSE
	EndGlobalSection
	GlobalSection(ExtensibilityGlobals) = postSolution
		SolutionGuid = {12E454FE-B5FE-4FC4-B85E-8F610051DEA6}
	EndGlobalSection
EndGlobal
