
Microsoft Visual Studio Solution File, Format Version 12.00
# Visual Studio 15
VisualStudioVersion = 15.0.27130.2010
MinimumVisualStudioVersion = 10.0.40219.1
Project("{FAE04EC0-301F-11D3-BF4B-00C04F79EFBC}") = "Workshop.Functions", "Workshop.Functions\Workshop.Functions.csproj", "{11B899A5-36EF-486B-A7C1-00687AFD7BA7}"
EndProject
Global
	GlobalSection(SolutionConfigurationPlatforms) = preSolution
		Debug|Any CPU = Debug|Any CPU
		Release|Any CPU = Release|Any CPU
	EndGlobalSection
	GlobalSection(ProjectConfigurationPlatforms) = postSolution
		{11B899A5-36EF-486B-A7C1-00687AFD7BA7}.Debug|Any CPU.ActiveCfg = Debug|Any CPU
		{11B899A5-36EF-486B-A7C1-00687AFD7BA7}.Debug|Any CPU.Build.0 = Debug|Any CPU
		{11B899A5-36EF-486B-A7C1-00687AFD7BA7}.Release|Any CPU.ActiveCfg = Release|Any CPU
		{11B899A5-36EF-486B-A7C1-00687AFD7BA7}.Release|Any CPU.Build.0 = Release|Any CPU
	EndGlobalSection
	GlobalSection(SolutionProperties) = preSolution
		HideSolutionNode = FALSE
	EndGlobalSection
	GlobalSection(ExtensibilityGlobals) = postSolution
		SolutionGuid = {0F7F1689-509E-455B-BC6D-982C404EA3A3}
	EndGlobalSection
EndGlobal
